
Microsoft Visual Studio Solution File, Format Version 12.00
# Visual Studio 15
VisualStudioVersion = 15.0.28307.271
MinimumVisualStudioVersion = 10.0.40219.1
Project("{FAE04EC0-301F-11D3-BF4B-00C04F79EFBC}") = "Hello", "Hello\Hello.csproj", "{96A409A5-FCCD-460D-B241-701D61DC2A10}"
EndProject
Global
	GlobalSection(SolutionConfigurationPlatforms) = preSolution
		Debug|Any CPU = Debug|Any CPU
		Release|Any CPU = Release|Any CPU
	EndGlobalSection
	GlobalSection(ProjectConfigurationPlatforms) = postSolution
		{96A409A5-FCCD-460D-B241-701D61DC2A10}.Debug|Any CPU.ActiveCfg = Debug|Any CPU
		{96A409A5-FCCD-460D-B241-701D61DC2A10}.Debug|Any CPU.Build.0 = Debug|Any CPU
		{96A409A5-FCCD-460D-B241-701D61DC2A10}.Release|Any CPU.ActiveCfg = Release|Any CPU
		{96A409A5-FCCD-460D-B241-701D61DC2A10}.Release|Any CPU.Build.0 = Release|Any CPU
	EndGlobalSection
	GlobalSection(SolutionProperties) = preSolution
		HideSolutionNode = FALSE
	EndGlobalSection
	GlobalSection(ExtensibilityGlobals) = postSolution
		SolutionGuid = {6012F27D-B92D-4A2D-9121-FE369F03ECA8}
	EndGlobalSection
EndGlobal
